
Microsoft Visual Studio Solution File, Format Version 12.00
Project("{FAE04EC0-301F-11D3-BF4B-00C04F79EFBC}") = "MeetMe.Web", "MeetMe.Web\MeetMe.Web.csproj", "{4A7DB5AF-C9B4-4F1A-B7B2-8FD6459997C8}"
EndProject
Project("{FAE04EC0-301F-11D3-BF4B-00C04F79EFBC}") = "MeetMe.Domain", "MeetMe.Domain\MeetMe.Domain.csproj", "{4AD52E51-4594-45BD-A17A-DB880931A70F}"
EndProject
Project("{FAE04EC0-301F-11D3-BF4B-00C04F79EFBC}") = "MeetMe.Application", "MeetMe.Application\MeetMe.Application.csproj", "{38690A70-27DE-40BE-BD77-391E3E433FD3}"
EndProject
Project("{FAE04EC0-301F-11D3-BF4B-00C04F79EFBC}") = "MeetMe.Infrastructure", "MeetMe.Infrastructure\MeetMe.Infrastructure.csproj", "{A4F90828-5C80-46E4-B894-2FAD997B5C0B}"
EndProject
Global
	GlobalSection(SolutionConfigurationPlatforms) = preSolution
		Debug|Any CPU = Debug|Any CPU
		Release|Any CPU = Release|Any CPU
	EndGlobalSection
	GlobalSection(ProjectConfigurationPlatforms) = postSolution
		{4A7DB5AF-C9B4-4F1A-B7B2-8FD6459997C8}.Debug|Any CPU.ActiveCfg = Debug|Any CPU
		{4A7DB5AF-C9B4-4F1A-B7B2-8FD6459997C8}.Debug|Any CPU.Build.0 = Debug|Any CPU
		{4A7DB5AF-C9B4-4F1A-B7B2-8FD6459997C8}.Release|Any CPU.ActiveCfg = Release|Any CPU
		{4A7DB5AF-C9B4-4F1A-B7B2-8FD6459997C8}.Release|Any CPU.Build.0 = Release|Any CPU
		{4AD52E51-4594-45BD-A17A-DB880931A70F}.Debug|Any CPU.ActiveCfg = Debug|Any CPU
		{4AD52E51-4594-45BD-A17A-DB880931A70F}.Debug|Any CPU.Build.0 = Debug|Any CPU
		{4AD52E51-4594-45BD-A17A-DB880931A70F}.Release|Any CPU.ActiveCfg = Release|Any CPU
		{4AD52E51-4594-45BD-A17A-DB880931A70F}.Release|Any CPU.Build.0 = Release|Any CPU
		{38690A70-27DE-40BE-BD77-391E3E433FD3}.Debug|Any CPU.ActiveCfg = Debug|Any CPU
		{38690A70-27DE-40BE-BD77-391E3E433FD3}.Debug|Any CPU.Build.0 = Debug|Any CPU
		{38690A70-27DE-40BE-BD77-391E3E433FD3}.Release|Any CPU.ActiveCfg = Release|Any CPU
		{38690A70-27DE-40BE-BD77-391E3E433FD3}.Release|Any CPU.Build.0 = Release|Any CPU
		{A4F90828-5C80-46E4-B894-2FAD997B5C0B}.Debug|Any CPU.ActiveCfg = Debug|Any CPU
		{A4F90828-5C80-46E4-B894-2FAD997B5C0B}.Debug|Any CPU.Build.0 = Debug|Any CPU
		{A4F90828-5C80-46E4-B894-2FAD997B5C0B}.Release|Any CPU.ActiveCfg = Release|Any CPU
		{A4F90828-5C80-46E4-B894-2FAD997B5C0B}.Release|Any CPU.Build.0 = Release|Any CPU
	EndGlobalSection
EndGlobal
